// !$*UTF8*$!
{
	archiveVersion = 1;
	classes = {
	};
	objectVersion = 48;
	objects = {

/* Begin PBXBuildFile section */
		22D371791FD70431001A03B0 /* AppDelegate.swift in Sources */ = {isa = PBXBuildFile; fileRef = 22D371781FD70431001A03B0 /* AppDelegate.swift */; };
		22D3717B1FD70431001A03B0 /* ViewController.swift in Sources */ = {isa = PBXBuildFile; fileRef = 22D3717A1FD70431001A03B0 /* ViewController.swift */; };
		22D3717E1FD70431001A03B0 /* Main.storyboard in Resources */ = {isa = PBXBuildFile; fileRef = 22D3717C1FD70431001A03B0 /* Main.storyboard */; };
		22D371801FD70431001A03B0 /* Assets.xcassets in Resources */ = {isa = PBXBuildFile; fileRef = 22D3717F1FD70431001A03B0 /* Assets.xcassets */; };
		22D371831FD70431001A03B0 /* LaunchScreen.storyboard in Resources */ = {isa = PBXBuildFile; fileRef = 22D371811FD70431001A03B0 /* LaunchScreen.storyboard */; };
		22D3718C1FD71C33001A03B0 /* SearchCell.swift in Sources */ = {isa = PBXBuildFile; fileRef = 22D3718B1FD71C33001A03B0 /* SearchCell.swift */; };
		22D371911FD72694001A03B0 /* Venue.swift in Sources */ = {isa = PBXBuildFile; fileRef = 22D371901FD72694001A03B0 /* Venue.swift */; };
/* End PBXBuildFile section */

/* Begin PBXFileReference section */
		22D371751FD70430001A03B0 /* YVFourSquareTrendingVenues.app */ = {isa = PBXFileReference; explicitFileType = wrapper.application; includeInIndex = 0; path = YVFourSquareTrendingVenues.app; sourceTree = BUILT_PRODUCTS_DIR; };
		22D371781FD70431001A03B0 /* AppDelegate.swift */ = {isa = PBXFileReference; lastKnownFileType = sourcecode.swift; path = AppDelegate.swift; sourceTree = "<group>"; };
		22D3717A1FD70431001A03B0 /* ViewController.swift */ = {isa = PBXFileReference; lastKnownFileType = sourcecode.swift; path = ViewController.swift; sourceTree = "<group>"; };
		22D3717D1FD70431001A03B0 /* Base */ = {isa = PBXFileReference; lastKnownFileType = file.storyboard; name = Base; path = Base.lproj/Main.storyboard; sourceTree = "<group>"; };
		22D3717F1FD70431001A03B0 /* Assets.xcassets */ = {isa = PBXFileReference; lastKnownFileType = folder.assetcatalog; path = Assets.xcassets; sourceTree = "<group>"; };
		22D371821FD70431001A03B0 /* Base */ = {isa = PBXFileReference; lastKnownFileType = file.storyboard; name = Base; path = Base.lproj/LaunchScreen.storyboard; sourceTree = "<group>"; };
		22D371841FD70431001A03B0 /* Info.plist */ = {isa = PBXFileReference; lastKnownFileType = text.plist.xml; path = Info.plist; sourceTree = "<group>"; };
		22D3718B1FD71C33001A03B0 /* SearchCell.swift */ = {isa = PBXFileReference; lastKnownFileType = sourcecode.swift; path = SearchCell.swift; sourceTree = "<group>"; };
		22D371901FD72694001A03B0 /* Venue.swift */ = {isa = PBXFileReference; lastKnownFileType = sourcecode.swift; path = Venue.swift; sourceTree = "<group>"; };
/* End PBXFileReference section */

/* Begin PBXFrameworksBuildPhase section */
		22D371721FD70430001A03B0 /* Frameworks */ = {
			isa = PBXFrameworksBuildPhase;
			buildActionMask = 2147483647;
			files = (
			);
			runOnlyForDeploymentPostprocessing = 0;
		};
/* End PBXFrameworksBuildPhase section */

/* Begin PBXGroup section */
		22D3716C1FD70430001A03B0 = {
			isa = PBXGroup;
			children = (
				22D371771FD70430001A03B0 /* YVFourSquareTrendingVenues */,
				22D371761FD70430001A03B0 /* Products */,
			);
			sourceTree = "<group>";
		};
		22D371761FD70430001A03B0 /* Products */ = {
			isa = PBXGroup;
			children = (
				22D371751FD70430001A03B0 /* YVFourSquareTrendingVenues.app */,
			);
			name = Products;
			sourceTree = "<group>";
		};
		22D371771FD70430001A03B0 /* YVFourSquareTrendingVenues */ = {
			isa = PBXGroup;
			children = (
				22D3718F1FD72667001A03B0 /* Model */,
				22D3718D1FD72537001A03B0 /* Common */,
				22D3718A1FD71C0A001A03B0 /* Views */,
				22D3718E1FD72550001A03B0 /* View Controllers */,
				22D3717C1FD70431001A03B0 /* Main.storyboard */,
				22D3717F1FD70431001A03B0 /* Assets.xcassets */,
				22D371811FD70431001A03B0 /* LaunchScreen.storyboard */,
				22D371841FD70431001A03B0 /* Info.plist */,
			);
			path = YVFourSquareTrendingVenues;
			sourceTree = "<group>";
		};
		22D3718A1FD71C0A001A03B0 /* Views */ = {
			isa = PBXGroup;
			children = (
				22D3718B1FD71C33001A03B0 /* SearchCell.swift */,
			);
			path = Views;
			sourceTree = "<group>";
		};
		22D3718D1FD72537001A03B0 /* Common */ = {
			isa = PBXGroup;
			children = (
				22D371781FD70431001A03B0 /* AppDelegate.swift */,
			);
			path = Common;
			sourceTree = "<group>";
		};
		22D3718E1FD72550001A03B0 /* View Controllers */ = {
			isa = PBXGroup;
			children = (
				22D3717A1FD70431001A03B0 /* ViewController.swift */,
			);
			path = "View Controllers";
			sourceTree = "<group>";
		};
		22D3718F1FD72667001A03B0 /* Model */ = {
			isa = PBXGroup;
			children = (
				22D371901FD72694001A03B0 /* Venue.swift */,
			);
			path = Model;
			sourceTree = "<group>";
		};
/* End PBXGroup section */

/* Begin PBXNativeTarget section */
		22D371741FD70430001A03B0 /* YVFourSquareTrendingVenues */ = {
			isa = PBXNativeTarget;
			buildConfigurationList = 22D371871FD70431001A03B0 /* Build configuration list for PBXNativeTarget "YVFourSquareTrendingVenues" */;
			buildPhases = (
				22D371711FD70430001A03B0 /* Sources */,
				22D371721FD70430001A03B0 /* Frameworks */,
				22D371731FD70430001A03B0 /* Resources */,
			);
			buildRules = (
			);
			dependencies = (
			);
			name = YVFourSquareTrendingVenues;
			productName = YVFourSquareTrendingVenues;
			productReference = 22D371751FD70430001A03B0 /* YVFourSquareTrendingVenues.app */;
			productType = "com.apple.product-type.application";
		};
/* End PBXNativeTarget section */

/* Begin PBXProject section */
		22D3716D1FD70430001A03B0 /* Project object */ = {
			isa = PBXProject;
			attributes = {
				LastSwiftUpdateCheck = 0920;
				LastUpgradeCheck = 0920;
				ORGANIZATIONNAME = "Yash Vyas";
				TargetAttributes = {
					22D371741FD70430001A03B0 = {
						CreatedOnToolsVersion = 9.2;
						ProvisioningStyle = Manual;
					};
				};
			};
			buildConfigurationList = 22D371701FD70430001A03B0 /* Build configuration list for PBXProject "YVFourSquareTrendingVenues" */;
			compatibilityVersion = "Xcode 8.0";
			developmentRegion = en;
			hasScannedForEncodings = 0;
			knownRegions = (
				en,
				Base,
			);
			mainGroup = 22D3716C1FD70430001A03B0;
			productRefGroup = 22D371761FD70430001A03B0 /* Products */;
			projectDirPath = "";
			projectRoot = "";
			targets = (
				22D371741FD70430001A03B0 /* YVFourSquareTrendingVenues */,
			);
		};
/* End PBXProject section */

/* Begin PBXResourcesBuildPhase section */
		22D371731FD70430001A03B0 /* Resources */ = {
			isa = PBXResourcesBuildPhase;
			buildActionMask = 2147483647;
			files = (
				22D371831FD70431001A03B0 /* LaunchScreen.storyboard in Resources */,
				22D371801FD70431001A03B0 /* Assets.xcassets in Resources */,
				22D3717E1FD70431001A03B0 /* Main.storyboard in Resources */,
			);
			runOnlyForDeploymentPostprocessing = 0;
		};
/* End PBXResourcesBuildPhase section */

/* Begin PBXSourcesBuildPhase section */
		22D371711FD70430001A03B0 /* Sources */ = {
			isa = PBXSourcesBuildPhase;
			buildActionMask = 2147483647;
			files = (
				22D3717B1FD70431001A03B0 /* ViewController.swift in Sources */,
				22D371911FD72694001A03B0 /* Venue.swift in Sources */,
				22D3718C1FD71C33001A03B0 /* SearchCell.swift in Sources */,
				22D371791FD70431001A03B0 /* AppDelegate.swift in Sources */,
			);
			runOnlyForDeploymentPostprocessing = 0;
		};
/* End PBXSourcesBuildPhase section */

/* Begin PBXVariantGroup section */
		22D3717C1FD70431001A03B0 /* Main.storyboard */ = {
			isa = PBXVariantGroup;
			children = (
				22D3717D1FD70431001A03B0 /* Base */,
			);
			name = Main.storyboard;
			sourceTree = "<group>";
		};
		22D371811FD70431001A03B0 /* LaunchScreen.storyboard */ = {
			isa = PBXVariantGroup;
			children = (
				22D371821FD70431001A03B0 /* Base */,
			);
			name = LaunchScreen.storyboard;
			sourceTree = "<group>";
		};
/* End PBXVariantGroup section */

/* Begin XCBuildConfiguration section */
		22D371851FD70431001A03B0 /* Debug */ = {
			isa = XCBuildConfiguration;
			buildSettings = {
				ALWAYS_SEARCH_USER_PATHS = NO;
				CLANG_ANALYZER_NONNULL = YES;
				CLANG_ANALYZER_NUMBER_OBJECT_CONVERSION = YES_AGGRESSIVE;
				CLANG_CXX_LANGUAGE_STANDARD = "gnu++14";
				CLANG_CXX_LIBRARY = "libc++";
				CLANG_ENABLE_MODULES = YES;
				CLANG_ENABLE_OBJC_ARC = YES;
				CLANG_WARN_BLOCK_CAPTURE_AUTORELEASING = YES;
				CLANG_WARN_BOOL_CONVERSION = YES;
				CLANG_WARN_COMMA = YES;
				CLANG_WARN_CONSTANT_CONVERSION = YES;
				CLANG_WARN_DIRECT_OBJC_ISA_USAGE = YES_ERROR;
				CLANG_WARN_DOCUMENTATION_COMMENTS = YES;
				CLANG_WARN_EMPTY_BODY = YES;
				CLANG_WARN_ENUM_CONVERSION = YES;
				CLANG_WARN_INFINITE_RECURSION = YES;
				CLANG_WARN_INT_CONVERSION = YES;
				CLANG_WARN_NON_LITERAL_NULL_CONVERSION = YES;
				CLANG_WARN_OBJC_LITERAL_CONVERSION = YES;
				CLANG_WARN_OBJC_ROOT_CLASS = YES_ERROR;
				CLANG_WARN_RANGE_LOOP_ANALYSIS = YES;
				CLANG_WARN_STRICT_PROTOTYPES = YES;
				CLANG_WARN_SUSPICIOUS_MOVE = YES;
				CLANG_WARN_UNGUARDED_AVAILABILITY = YES_AGGRESSIVE;
				CLANG_WARN_UNREACHABLE_CODE = YES;
				CLANG_WARN__DUPLICATE_METHOD_MATCH = YES;
				CODE_SIGN_IDENTITY = "iPhone Developer";
				COPY_PHASE_STRIP = NO;
				DEBUG_INFORMATION_FORMAT = dwarf;
				ENABLE_STRICT_OBJC_MSGSEND = YES;
				ENABLE_TESTABILITY = YES;
				GCC_C_LANGUAGE_STANDARD = gnu11;
				GCC_DYNAMIC_NO_PIC = NO;
				GCC_NO_COMMON_BLOCKS = YES;
				GCC_OPTIMIZATION_LEVEL = 0;
				GCC_PREPROCESSOR_DEFINITIONS = (
					"DEBUG=1",
					"$(inherited)",
				);
				GCC_WARN_64_TO_32_BIT_CONVERSION = YES;
				GCC_WARN_ABOUT_RETURN_TYPE = YES_ERROR;
				GCC_WARN_UNDECLARED_SELECTOR = YES;
				GCC_WARN_UNINITIALIZED_AUTOS = YES_AGGRESSIVE;
				GCC_WARN_UNUSED_FUNCTION = YES;
				GCC_WARN_UNUSED_VARIABLE = YES;
				IPHONEOS_DEPLOYMENT_TARGET = 11.2;
				MTL_ENABLE_DEBUG_INFO = YES;
				ONLY_ACTIVE_ARCH = YES;
				SDKROOT = iphoneos;
				SWIFT_ACTIVE_COMPILATION_CONDITIONS = DEBUG;
				SWIFT_OPTIMIZATION_LEVEL = "-Onone";
			};
			name = Debug;
		};
		22D371861FD70431001A03B0 /* Release */ = {
			isa = XCBuildConfiguration;
			buildSettings = {
				ALWAYS_SEARCH_USER_PATHS = NO;
				CLANG_ANALYZER_NONNULL = YES;
				CLANG_ANALYZER_NUMBER_OBJECT_CONVERSION = YES_AGGRESSIVE;
				CLANG_CXX_LANGUAGE_STANDARD = "gnu++14";
				CLANG_CXX_LIBRARY = "libc++";
				CLANG_ENABLE_MODULES = YES;
				CLANG_ENABLE_OBJC_ARC = YES;
				CLANG_WARN_BLOCK_CAPTURE_AUTORELEASING = YES;
				CLANG_WARN_BOOL_CONVERSION = YES;
				CLANG_WARN_COMMA = YES;
				CLANG_WARN_CONSTANT_CONVERSION = YES;
				CLANG_WARN_DIRECT_OBJC_ISA_USAGE = YES_ERROR;
				CLANG_WARN_DOCUMENTATION_COMMENTS = YES;
				CLANG_WARN_EMPTY_BODY = YES;
				CLANG_WARN_ENUM_CONVERSION = YES;
				CLANG_WARN_INFINITE_RECURSION = YES;
				CLANG_WARN_INT_CONVERSION = YES;
				CLANG_WARN_NON_LITERAL_NULL_CONVERSION = YES;
				CLANG_WARN_OBJC_LITERAL_CONVERSION = YES;
				CLANG_WARN_OBJC_ROOT_CLASS = YES_ERROR;
				CLANG_WARN_RANGE_LOOP_ANALYSIS = YES;
				CLANG_WARN_STRICT_PROTOTYPES = YES;
				CLANG_WARN_SUSPICIOUS_MOVE = YES;
				CLANG_WARN_UNGUARDED_AVAILABILITY = YES_AGGRESSIVE;
				CLANG_WARN_UNREACHABLE_CODE = YES;
				CLANG_WARN__DUPLICATE_METHOD_MATCH = YES;
				CODE_SIGN_IDENTITY = "iPhone Developer";
				COPY_PHASE_STRIP = NO;
				DEBUG_INFORMATION_FORMAT = "dwarf-with-dsym";
				ENABLE_NS_ASSERTIONS = NO;
				ENABLE_STRICT_OBJC_MSGSEND = YES;
				GCC_C_LANGUAGE_STANDARD = gnu11;
				GCC_NO_COMMON_BLOCKS = YES;
				GCC_WARN_64_TO_32_BIT_CONVERSION = YES;
				GCC_WARN_ABOUT_RETURN_TYPE = YES_ERROR;
				GCC_WARN_UNDECLARED_SELECTOR = YES;
				GCC_WARN_UNINITIALIZED_AUTOS = YES_AGGRESSIVE;
				GCC_WARN_UNUSED_FUNCTION = YES;
				GCC_WARN_UNUSED_VARIABLE = YES;
				IPHONEOS_DEPLOYMENT_TARGET = 11.2;
				MTL_ENABLE_DEBUG_INFO = NO;
				SDKROOT = iphoneos;
				SWIFT_OPTIMIZATION_LEVEL = "-Owholemodule";
				VALIDATE_PRODUCT = YES;
			};
			name = Release;
		};
		22D371881FD70431001A03B0 /* Debug */ = {
			isa = XCBuildConfiguration;
			buildSettings = {
				ASSETCATALOG_COMPILER_APPICON_NAME = AppIcon;
				CODE_SIGN_STYLE = Manual;
				DEVELOPMENT_TEAM = "";
				INFOPLIST_FILE = YVFourSquareTrendingVenues/Info.plist;
				LD_RUNPATH_SEARCH_PATHS = "$(inherited) @executable_path/Frameworks";
				PRODUCT_BUNDLE_IDENTIFIER = com.yash.YVFourSquareTrendingVenues;
				PRODUCT_NAME = "$(TARGET_NAME)";
				PROVISIONING_PROFILE_SPECIFIER = "";
				SWIFT_VERSION = 4.0;
				TARGETED_DEVICE_FAMILY = "1,2";
			};
			name = Debug;
		};
		22D371891FD70431001A03B0 /* Release */ = {
			isa = XCBuildConfiguration;
			buildSettings = {
				ASSETCATALOG_COMPILER_APPICON_NAME = AppIcon;
				CODE_SIGN_STYLE = Manual;
				DEVELOPMENT_TEAM = "";
				INFOPLIST_FILE = YVFourSquareTrendingVenues/Info.plist;
				LD_RUNPATH_SEARCH_PATHS = "$(inherited) @executable_path/Frameworks";
				PRODUCT_BUNDLE_IDENTIFIER = com.yash.YVFourSquareTrendingVenues;
				PRODUCT_NAME = "$(TARGET_NAME)";
				PROVISIONING_PROFILE_SPECIFIER = "";
				SWIFT_VERSION = 4.0;
				TARGETED_DEVICE_FAMILY = "1,2";
			};
			name = Release;
		};
/* End XCBuildConfiguration section */

/* Begin XCConfigurationList section */
		22D371701FD70430001A03B0 /* Build configuration list for PBXProject "YVFourSquareTrendingVenues" */ = {
			isa = XCConfigurationList;
			buildConfigurations = (
				22D371851FD70431001A03B0 /* Debug */,
				22D371861FD70431001A03B0 /* Release */,
			);
			defaultConfigurationIsVisible = 0;
			defaultConfigurationName = Release;
		};
		22D371871FD70431001A03B0 /* Build configuration list for PBXNativeTarget "YVFourSquareTrendingVenues" */ = {
			isa = XCConfigurationList;
			buildConfigurations = (
				22D371881FD70431001A03B0 /* Debug */,
				22D371891FD70431001A03B0 /* Release */,
			);
			defaultConfigurationIsVisible = 0;
			defaultConfigurationName = Release;
		};
/* End XCConfigurationList section */
	};
	rootObject = 22D3716D1FD70430001A03B0 /* Project object */;
}
